
Microsoft Visual Studio Solution File, Format Version 11.00
# Visual C++ Express 2010
Project("{8BC9CEB8-8B4A-11D0-8D11-00A0C91BC942}") = "17강 구조체의 활용2", "17강 구조체의 활용2\17강 구조체의 활용2.vcxproj", "{97E3B25E-FD62-43A0-8E4B-E5217CD0296C}"
EndProject
Global
	GlobalSection(SolutionConfigurationPlatforms) = preSolution
		Debug|Win32 = Debug|Win32
		Release|Win32 = Release|Win32
	EndGlobalSection
	GlobalSection(ProjectConfigurationPlatforms) = postSolution
		{97E3B25E-FD62-43A0-8E4B-E5217CD0296C}.Debug|Win32.ActiveCfg = Debug|Win32
		{97E3B25E-FD62-43A0-8E4B-E5217CD0296C}.Debug|Win32.Build.0 = Debug|Win32
		{97E3B25E-FD62-43A0-8E4B-E5217CD0296C}.Release|Win32.ActiveCfg = Release|Win32
		{97E3B25E-FD62-43A0-8E4B-E5217CD0296C}.Release|Win32.Build.0 = Release|Win32
	EndGlobalSection
	GlobalSection(SolutionProperties) = preSolution
		HideSolutionNode = FALSE
	EndGlobalSection
EndGlobal
